{
  "name": "consoleapp",
  "version": "1.0.0",
  "lockfileVersion": 2,
  "requires": true,
  "packages": {
    "": {
      "name": "consoleapp",
      "version": "1.0.0",
      "license": "ISC",
      "dependencies": {
        "temp-test-package": "^1.0.0"
      }
    },
    "node_modules/temp-test-package": {
      "version": "1.0.0",
      "resolved": "https://registry.npmjs.org/temp-test-package/-/temp-test-package-1.0.0.tgz",
      "integrity": "sha512-oOwZwaH8jhgximvGN11csgodFXdqRtoHJrAuSWo3Ia3di7likwUWkUuH73k0OjbCxBOkBRlYDTDHund1dnpdSA=="
    }
  },
  "dependencies": {
    "temp-test-package": {
      "version": "1.0.0",
      "resolved": "https://registry.npmjs.org/temp-test-package/-/temp-test-package-1.0.0.tgz",
      "integrity": "sha512-oOwZwaH8jhgximvGN11csgodFXdqRtoHJrAuSWo3Ia3di7likwUWkUuH73k0OjbCxBOkBRlYDTDHund1dnpdSA=="
    }
  }
}
